{
  "object": {
    "pins": [
      {
        "package": "HypertextApplicationLanguage",
        "repositoryURL": "https://github.com/Yasumoto/HypertextApplicationLanguage.git",
        "state": {
          "branch": null,
          "revision": "aa2c9141d491682f17b2310aed17b9adfc006256",
          "version": "1.1.1"
        }
      },
      {
        "package": "INIParser",
        "repositoryURL": "https://github.com/PerfectlySoft/Perfect-INIParser.git",
        "state": {
          "branch": null,
          "revision": "0952aac9ca54324ff25191569fd9c48eec424772",
          "version": "3.0.2"
        }
      },
      {
        "package": "swift-nio",
        "repositoryURL": "https://github.com/apple/swift-nio.git",
        "state": {
          "branch": null,
          "revision": "790827800d6af12ca6a8b1dca7a9072606fd2a1e",
          "version": "2.7.0"
        }
      },
      {
        "package": "swift-nio-ssl",
        "repositoryURL": "https://github.com/apple/swift-nio-ssl.git",
        "state": {
          "branch": null,
          "revision": "f5dd7a60ff56f501ff7bf9be753e4b1875bfaf20",
          "version": "2.4.0"
        }
      },
      {
        "package": "swift-nio-ssl-support",
        "repositoryURL": "https://github.com/apple/swift-nio-ssl-support.git",
        "state": {
          "branch": null,
          "revision": "c02eec4e0e6d351cd092938cf44195a8e669f555",
          "version": "1.0.0"
        }
      }
    ]
  },
  "version": 1
}
