{
  "object": {
    "pins": [
      {
        "package": "CLibreSSL",
        "repositoryURL": "https://github.com/vapor/clibressl.git",
        "state": {
          "branch": null,
          "revision": "23ddb296981d17a8ee6c7418742a40cad5d2f9d0",
          "version": "1.0.0"
        }
      },
      {
        "package": "HypertextApplicationLanguage",
        "repositoryURL": "https://github.com/noppoMan/HypertextApplicationLanguage.git",
        "state": {
          "branch": null,
          "revision": "e6216c13fd510e31e70e6f409936f1a656db1f33",
          "version": "1.0.1"
        }
      },
      {
        "package": "Prorsum",
        "repositoryURL": "https://github.com/noppoMan/Prorsum.git",
        "state": {
          "branch": null,
          "revision": "aab1cf5a01c1f936267fc6c55ac1bd7853767277",
          "version": "0.3.1"
        }
      },
      {
        "package": "ProrsumNet",
        "repositoryURL": "https://github.com/noppoman/ProrsumNet.git",
        "state": {
          "branch": null,
          "revision": "941e0c65df620467130e9eb2496a3c1275c1d307",
          "version": "0.1.3"
        }
      }
    ]
  },
  "version": 1
}
